
Microsoft Visual Studio Solution File, Format Version 12.00
# Visual Studio Version 16
VisualStudioVersion = 16.0.32630.194
MinimumVisualStudioVersion = 10.0.40219.1
Project("{FAE04EC0-301F-11D3-BF4B-00C04F79EFBC}") = "addressbook", "addressbook\addressbook.csproj", "{EEE4B257-7941-4D11-8616-004F559E46D6}"
EndProject
Global
	GlobalSection(SolutionConfigurationPlatforms) = preSolution
		Debug|Any CPU = Debug|Any CPU
		Release|Any CPU = Release|Any CPU
	EndGlobalSection
	GlobalSection(ProjectConfigurationPlatforms) = postSolution
		{EEE4B257-7941-4D11-8616-004F559E46D6}.Debug|Any CPU.ActiveCfg = Debug|Any CPU
		{EEE4B257-7941-4D11-8616-004F559E46D6}.Debug|Any CPU.Build.0 = Debug|Any CPU
		{EEE4B257-7941-4D11-8616-004F559E46D6}.Release|Any CPU.ActiveCfg = Release|Any CPU
		{EEE4B257-7941-4D11-8616-004F559E46D6}.Release|Any CPU.Build.0 = Release|Any CPU
	EndGlobalSection
	GlobalSection(SolutionProperties) = preSolution
		HideSolutionNode = FALSE
	EndGlobalSection
	GlobalSection(ExtensibilityGlobals) = postSolution
		SolutionGuid = {0373A38D-95A7-4544-A451-52089AE0CC2A}
	EndGlobalSection
EndGlobal
